{
  "sources": {
    "apt": {
      "locked_version": "2.3.8"
    },
    "python-software-properties": {
      "path": "./site-cookbooks/python-software-properties"
    },
    "ruby": {
      "locked_version": "0.9.2"
    },
    "rake": {
      "locked_version": "0.1.1"
    },
    "tex": {
      "path": "./site-cookbooks/tex"
    },
    "emacs": {
      "path": "./site-cookbooks/emacs"
    },
    "nkf": {
      "path": "./site-cookbooks/nkf"
    },
    "jed": {
      "path": "./site-cookbooks/jed"
    },
    "ess": {
      "path": "./site-cookbooks/ess"
    },
    "git": {
      "path": "./site-cookbooks/git"
    },
    "sqlite3": {
      "path": "./site-cookbooks/sqlite3"
    },
    "libsqlite3-0": {
      "path": "./site-cookbooks/libsqlite3-0"
    },
    "fastx-toolkit": {
      "path": "./site-cookbooks/fastx-toolkit"
    },
    "bedtools": {
      "path": "./site-cookbooks/bedtools"
    },
    "samtools": {
      "path": "./site-cookbooks/samtools"
    },
    "cufflinks": {
      "path": "./site-cookbooks/cufflinks"
    },
    "r-base": {
      "path": "./site-cookbooks/r-base"
    },
    "r-base-dev": {
      "path": "./site-cookbooks/r-base-dev"
    },
    "r-bioc-biobase": {
      "path": "./site-cookbooks/r-bioc-biobase"
    },
    "runit": {
      "path": "./site-cookbooks/runit"
    },
    "gbrowse": {
      "path": "./site-cookbooks/gbrowse"
    },
    "galaxy": {
      "path": "./site-cookbooks/galaxy"
    },
    "torque-server": {
      "path": "./site-cookbooks/torque-server"
    },
    "emboss": {
      "path": "./site-cookbooks/emboss"
    }
  }
}
